
Microsoft Visual Studio Solution File, Format Version 12.00
# Visual Studio 15
VisualStudioVersion = 15.0.27428.2037
MinimumVisualStudioVersion = 10.0.40219.1
Project("{FAE04EC0-301F-11D3-BF4B-00C04F79EFBC}") = "MyShop.Core", "MyShop.Core\MyShop.Core.csproj", "{CC07C7D7-D4DE-403A-A4C4-963C0383C3F2}"
EndProject
Project("{FAE04EC0-301F-11D3-BF4B-00C04F79EFBC}") = "MyShop.Services", "MyShop.Services\MyShop.Services.csproj", "{AF554768-F789-4233-9DFE-40F2B0642D6B}"
EndProject
Project("{FAE04EC0-301F-11D3-BF4B-00C04F79EFBC}") = "MyShop.DataAccess.SQL", "MyShop.DataAccess.SQL\MyShop.DataAccess.SQL.csproj", "{03B9678E-14A7-4F7D-A454-5A600BA6E197}"
EndProject
Project("{FAE04EC0-301F-11D3-BF4B-00C04F79EFBC}") = "MyShop.DataAccess.InMemory", "MyShop.DataAccess.InMemory\MyShop.DataAccess.InMemory.csproj", "{4823B2BB-CEBF-4EDC-B2C1-07ED47DD6DD5}"
EndProject
Project("{FAE04EC0-301F-11D3-BF4B-00C04F79EFBC}") = "MyShop.WebUI", "MyShop.WebUI\MyShop.WebUI.csproj", "{1115F0DC-5ED4-4378-BA95-85A17B20BAD2}"
EndProject
Project("{FAE04EC0-301F-11D3-BF4B-00C04F79EFBC}") = "MyShop.WebUI.Tests", "MyShop.WebUI.Tests\MyShop.WebUI.Tests.csproj", "{101CDB9C-F460-44F3-9C39-C3805EFB0D83}"
EndProject
Global
	GlobalSection(SolutionConfigurationPlatforms) = preSolution
		Debug|Any CPU = Debug|Any CPU
		Release|Any CPU = Release|Any CPU
	EndGlobalSection
	GlobalSection(ProjectConfigurationPlatforms) = postSolution
		{CC07C7D7-D4DE-403A-A4C4-963C0383C3F2}.Debug|Any CPU.ActiveCfg = Debug|Any CPU
		{CC07C7D7-D4DE-403A-A4C4-963C0383C3F2}.Debug|Any CPU.Build.0 = Debug|Any CPU
		{CC07C7D7-D4DE-403A-A4C4-963C0383C3F2}.Release|Any CPU.ActiveCfg = Release|Any CPU
		{CC07C7D7-D4DE-403A-A4C4-963C0383C3F2}.Release|Any CPU.Build.0 = Release|Any CPU
		{AF554768-F789-4233-9DFE-40F2B0642D6B}.Debug|Any CPU.ActiveCfg = Debug|Any CPU
		{AF554768-F789-4233-9DFE-40F2B0642D6B}.Debug|Any CPU.Build.0 = Debug|Any CPU
		{AF554768-F789-4233-9DFE-40F2B0642D6B}.Release|Any CPU.ActiveCfg = Release|Any CPU
		{AF554768-F789-4233-9DFE-40F2B0642D6B}.Release|Any CPU.Build.0 = Release|Any CPU
		{03B9678E-14A7-4F7D-A454-5A600BA6E197}.Debug|Any CPU.ActiveCfg = Debug|Any CPU
		{03B9678E-14A7-4F7D-A454-5A600BA6E197}.Debug|Any CPU.Build.0 = Debug|Any CPU
		{03B9678E-14A7-4F7D-A454-5A600BA6E197}.Release|Any CPU.ActiveCfg = Release|Any CPU
		{03B9678E-14A7-4F7D-A454-5A600BA6E197}.Release|Any CPU.Build.0 = Release|Any CPU
		{4823B2BB-CEBF-4EDC-B2C1-07ED47DD6DD5}.Debug|Any CPU.ActiveCfg = Debug|Any CPU
		{4823B2BB-CEBF-4EDC-B2C1-07ED47DD6DD5}.Debug|Any CPU.Build.0 = Debug|Any CPU
		{4823B2BB-CEBF-4EDC-B2C1-07ED47DD6DD5}.Release|Any CPU.ActiveCfg = Release|Any CPU
		{4823B2BB-CEBF-4EDC-B2C1-07ED47DD6DD5}.Release|Any CPU.Build.0 = Release|Any CPU
		{1115F0DC-5ED4-4378-BA95-85A17B20BAD2}.Debug|Any CPU.ActiveCfg = Debug|Any CPU
		{1115F0DC-5ED4-4378-BA95-85A17B20BAD2}.Debug|Any CPU.Build.0 = Debug|Any CPU
		{1115F0DC-5ED4-4378-BA95-85A17B20BAD2}.Release|Any CPU.ActiveCfg = Release|Any CPU
		{1115F0DC-5ED4-4378-BA95-85A17B20BAD2}.Release|Any CPU.Build.0 = Release|Any CPU
		{101CDB9C-F460-44F3-9C39-C3805EFB0D83}.Debug|Any CPU.ActiveCfg = Debug|Any CPU
		{101CDB9C-F460-44F3-9C39-C3805EFB0D83}.Debug|Any CPU.Build.0 = Debug|Any CPU
		{101CDB9C-F460-44F3-9C39-C3805EFB0D83}.Release|Any CPU.ActiveCfg = Release|Any CPU
		{101CDB9C-F460-44F3-9C39-C3805EFB0D83}.Release|Any CPU.Build.0 = Release|Any CPU
	EndGlobalSection
	GlobalSection(SolutionProperties) = preSolution
		HideSolutionNode = FALSE
	EndGlobalSection
	GlobalSection(ExtensibilityGlobals) = postSolution
		SolutionGuid = {5EDC3C6A-AD75-404C-9145-156FBF0CEE2D}
	EndGlobalSection
EndGlobal
